
Microsoft Visual Studio Solution File, Format Version 12.00
# Visual Studio Version 16
VisualStudioVersion = 16.0.32106.194
MinimumVisualStudioVersion = 10.0.40219.1
Project("{FAE04EC0-301F-11D3-BF4B-00C04F79EFBC}") = "SaveDataManager", "SaveDataManager\SaveDataManager.csproj", "{C816B564-5D42-4A60-815D-9DC3E2E61EDE}"
EndProject
Global
	GlobalSection(SolutionConfigurationPlatforms) = preSolution
		Debug|Any CPU = Debug|Any CPU
		Release|Any CPU = Release|Any CPU
	EndGlobalSection
	GlobalSection(ProjectConfigurationPlatforms) = postSolution
		{C816B564-5D42-4A60-815D-9DC3E2E61EDE}.Debug|Any CPU.ActiveCfg = Debug|Any CPU
		{C816B564-5D42-4A60-815D-9DC3E2E61EDE}.Debug|Any CPU.Build.0 = Debug|Any CPU
		{C816B564-5D42-4A60-815D-9DC3E2E61EDE}.Release|Any CPU.ActiveCfg = Release|Any CPU
		{C816B564-5D42-4A60-815D-9DC3E2E61EDE}.Release|Any CPU.Build.0 = Release|Any CPU
	EndGlobalSection
	GlobalSection(SolutionProperties) = preSolution
		HideSolutionNode = FALSE
	EndGlobalSection
	GlobalSection(ExtensibilityGlobals) = postSolution
		SolutionGuid = {4C712DD0-B877-4AF8-8CE0-63097F34FD65}
	EndGlobalSection
EndGlobal
